uuid: 53187bd9-f382-4c07-9e45-f9f5dd39e3f5
langcode: en
status: true
dependencies:
  module:
    - block
    - paragraphs
id: paragraph.field_code_block
field_name: field_code_block
entity_type: paragraph
type: entity_reference
settings:
  target_type: block
module: core
locked: false
cardinality: 1
translatable: true
indexes: {  }
persist_with_no_fields: false
custom_storage: false
