uuid: c7dbb746-22e8-4f76-8f94-1979ffdd0da5
langcode: en
status: true
dependencies:
  config:
    - block_content.type.basic
    - field.storage.paragraph.field_custom_block
    - paragraphs.paragraphs_type.custom_block
id: paragraph.custom_block.field_custom_block
field_name: field_custom_block
entity_type: paragraph
bundle: custom_block
label: 'Custom HTML block'
description: ''
required: false
translatable: false
default_value: {  }
default_value_callback: ''
settings:
  handler: 'default:block_content'
  handler_settings:
    target_bundles:
      basic: basic
    sort:
      field: _none
    auto_create: false
    auto_create_bundle: ''
field_type: entity_reference
