uuid: 7bc5a979-42c6-4261-9926-36f1fcf0044e
langcode: en
status: true
dependencies:
  config:
    - field.storage.node.field_promo_block
    - node.type.lander
    - paragraphs.paragraphs_type.liftups
    - paragraphs.paragraphs_type.manual_promo
  module:
    - entity_reference_revisions
id: node.lander.field_promo_block
field_name: field_promo_block
entity_type: node
bundle: lander
label: 'Content promos'
description: 'Create custom promo blocks or references to existing content to display promotional boxes on this landing page.'
required: false
translatable: false
default_value: {  }
default_value_callback: ''
settings:
  handler: 'default:paragraph'
  handler_settings:
    target_bundles:
      manual_promo: manual_promo
      liftups: liftups
    target_bundles_drag_drop:
      manual_promo:
        enabled: true
        weight: 3
      liftups:
        enabled: true
        weight: 4
field_type: entity_reference_revisions
