uuid: eee42a22-897c-4c83-be90-c738124c7985
langcode: en
status: true
dependencies:
  config:
    - field.storage.paragraph.field_code_block
    - paragraphs.paragraphs_type.code_block
id: paragraph.code_block.field_code_block
field_name: field_code_block
entity_type: paragraph
bundle: code_block
label: 'Code block'
description: 'Embed a system block to display Dynamically updating widget or similar advanced element.'
required: false
translatable: true
default_value: {  }
default_value_callback: ''
settings:
  handler: 'default:block'
  handler_settings:
    target_bundles: null
    auto_create: false
field_type: entity_reference
