uuid: b2fa4832-0caa-4886-910e-1f92912d1188
langcode: en
status: true
dependencies:
  module:
    - block_class
    - ctools
    - fsa_multipage_guide
  theme:
    - fsa
third_party_settings:
  block_class:
    classes: ''
id: fsamultipageguidetitleblock
theme: fsa
region: content
weight: -24
provider: null
plugin: fsa_multipage_guide_title_block
settings:
  id: fsa_multipage_guide_title_block
  label: 'FSA multi page guide title block'
  provider: fsa_multipage_guide
  label_display: '0'
visibility:
  'entity_bundle:node':
    id: 'entity_bundle:node'
    bundles:
      page: page
    negate: false
    context_mapping:
      node: '@node.node_route_context:node'
